// !$*UTF8*$!
{
	archiveVersion = 1;
	classes = {
	};
	objectVersion = 46;
	objects = {

/* Begin PBXBuildFile section */
		FA76EB43197936DF000BB36A /* AppDelegate.swift in Sources */ = {isa = PBXBuildFile; fileRef = FA76EB42197936DF000BB36A /* AppDelegate.swift */; };
		FA76EB45197936DF000BB36A /* ViewController.swift in Sources */ = {isa = PBXBuildFile; fileRef = FA76EB44197936DF000BB36A /* ViewController.swift */; };
		FA76EB48197936DF000BB36A /* Main.storyboard in Resources */ = {isa = PBXBuildFile; fileRef = FA76EB46197936DF000BB36A /* Main.storyboard */; };
		FA76EB4A197936DF000BB36A /* Images.xcassets in Resources */ = {isa = PBXBuildFile; fileRef = FA76EB49197936DF000BB36A /* Images.xcassets */; };
		FA76EB56197936DF000BB36A /* TodoAppTests.swift in Sources */ = {isa = PBXBuildFile; fileRef = FA76EB55197936DF000BB36A /* TodoAppTests.swift */; };
		FA76EB6019793D94000BB36A /* MasterTableViewController.swift in Sources */ = {isa = PBXBuildFile; fileRef = FA76EB5F19793D94000BB36A /* MasterTableViewController.swift */; };
		FA76EB6219793E16000BB36A /* AddViewController.swift in Sources */ = {isa = PBXBuildFile; fileRef = FA76EB6119793E16000BB36A /* AddViewController.swift */; };
		FA76EB6419793E52000BB36A /* DetailViewController.swift in Sources */ = {isa = PBXBuildFile; fileRef = FA76EB6319793E52000BB36A /* DetailViewController.swift */; };
/* End PBXBuildFile section */

/* Begin PBXContainerItemProxy section */
		FA76EB50197936DF000BB36A /* PBXContainerItemProxy */ = {
			isa = PBXContainerItemProxy;
			containerPortal = FA76EB35197936DE000BB36A /* Project object */;
			proxyType = 1;
			remoteGlobalIDString = FA76EB3C197936DE000BB36A;
			remoteInfo = TodoApp;
		};
/* End PBXContainerItemProxy section */

/* Begin PBXFileReference section */
		FA76EB3D197936DF000BB36A /* TodoApp.app */ = {isa = PBXFileReference; explicitFileType = wrapper.application; includeInIndex = 0; path = TodoApp.app; sourceTree = BUILT_PRODUCTS_DIR; };
		FA76EB41197936DF000BB36A /* Info.plist */ = {isa = PBXFileReference; lastKnownFileType = text.plist.xml; path = Info.plist; sourceTree = "<group>"; };
		FA76EB42197936DF000BB36A /* AppDelegate.swift */ = {isa = PBXFileReference; lastKnownFileType = sourcecode.swift; path = AppDelegate.swift; sourceTree = "<group>"; };
		FA76EB44197936DF000BB36A /* ViewController.swift */ = {isa = PBXFileReference; lastKnownFileType = sourcecode.swift; path = ViewController.swift; sourceTree = "<group>"; };
		FA76EB47197936DF000BB36A /* Base */ = {isa = PBXFileReference; lastKnownFileType = file.storyboard; name = Base; path = Base.lproj/Main.storyboard; sourceTree = "<group>"; };
		FA76EB49197936DF000BB36A /* Images.xcassets */ = {isa = PBXFileReference; lastKnownFileType = folder.assetcatalog; path = Images.xcassets; sourceTree = "<group>"; };
		FA76EB4F197936DF000BB36A /* TodoAppTests.xctest */ = {isa = PBXFileReference; explicitFileType = wrapper.cfbundle; includeInIndex = 0; path = TodoAppTests.xctest; sourceTree = BUILT_PRODUCTS_DIR; };
		FA76EB54197936DF000BB36A /* Info.plist */ = {isa = PBXFileReference; lastKnownFileType = text.plist.xml; path = Info.plist; sourceTree = "<group>"; };
		FA76EB55197936DF000BB36A /* TodoAppTests.swift */ = {isa = PBXFileReference; lastKnownFileType = sourcecode.swift; path = TodoAppTests.swift; sourceTree = "<group>"; };
		FA76EB5F19793D94000BB36A /* MasterTableViewController.swift */ = {isa = PBXFileReference; fileEncoding = 4; lastKnownFileType = sourcecode.swift; path = MasterTableViewController.swift; sourceTree = "<group>"; };
		FA76EB6119793E16000BB36A /* AddViewController.swift */ = {isa = PBXFileReference; fileEncoding = 4; lastKnownFileType = sourcecode.swift; path = AddViewController.swift; sourceTree = "<group>"; };
		FA76EB6319793E52000BB36A /* DetailViewController.swift */ = {isa = PBXFileReference; fileEncoding = 4; lastKnownFileType = sourcecode.swift; path = DetailViewController.swift; sourceTree = "<group>"; };
/* End PBXFileReference section */

/* Begin PBXFrameworksBuildPhase section */
		FA76EB3A197936DE000BB36A /* Frameworks */ = {
			isa = PBXFrameworksBuildPhase;
			buildActionMask = 2147483647;
			files = (
			);
			runOnlyForDeploymentPostprocessing = 0;
		};
		FA76EB4C197936DF000BB36A /* Frameworks */ = {
			isa = PBXFrameworksBuildPhase;
			buildActionMask = 2147483647;
			files = (
			);
			runOnlyForDeploymentPostprocessing = 0;
		};
/* End PBXFrameworksBuildPhase section */

/* Begin PBXGroup section */
		FA76EB34197936DE000BB36A = {
			isa = PBXGroup;
			children = (
				FA76EB3F197936DF000BB36A /* TodoApp */,
				FA76EB52197936DF000BB36A /* TodoAppTests */,
				FA76EB3E197936DF000BB36A /* Products */,
			);
			sourceTree = "<group>";
		};
		FA76EB3E197936DF000BB36A /* Products */ = {
			isa = PBXGroup;
			children = (
				FA76EB3D197936DF000BB36A /* TodoApp.app */,
				FA76EB4F197936DF000BB36A /* TodoAppTests.xctest */,
			);
			name = Products;
			sourceTree = "<group>";
		};
		FA76EB3F197936DF000BB36A /* TodoApp */ = {
			isa = PBXGroup;
			children = (
				FA76EB42197936DF000BB36A /* AppDelegate.swift */,
				FA76EB5F19793D94000BB36A /* MasterTableViewController.swift */,
				FA76EB44197936DF000BB36A /* ViewController.swift */,
				FA76EB6319793E52000BB36A /* DetailViewController.swift */,
				FA76EB46197936DF000BB36A /* Main.storyboard */,
				FA76EB6119793E16000BB36A /* AddViewController.swift */,
				FA76EB49197936DF000BB36A /* Images.xcassets */,
				FA76EB40197936DF000BB36A /* Supporting Files */,
			);
			path = TodoApp;
			sourceTree = "<group>";
		};
		FA76EB40197936DF000BB36A /* Supporting Files */ = {
			isa = PBXGroup;
			children = (
				FA76EB41197936DF000BB36A /* Info.plist */,
			);
			name = "Supporting Files";
			sourceTree = "<group>";
		};
		FA76EB52197936DF000BB36A /* TodoAppTests */ = {
			isa = PBXGroup;
			children = (
				FA76EB55197936DF000BB36A /* TodoAppTests.swift */,
				FA76EB53197936DF000BB36A /* Supporting Files */,
			);
			path = TodoAppTests;
			sourceTree = "<group>";
		};
		FA76EB53197936DF000BB36A /* Supporting Files */ = {
			isa = PBXGroup;
			children = (
				FA76EB54197936DF000BB36A /* Info.plist */,
			);
			name = "Supporting Files";
			sourceTree = "<group>";
		};
/* End PBXGroup section */

/* Begin PBXNativeTarget section */
		FA76EB3C197936DE000BB36A /* TodoApp */ = {
			isa = PBXNativeTarget;
			buildConfigurationList = FA76EB59197936DF000BB36A /* Build configuration list for PBXNativeTarget "TodoApp" */;
			buildPhases = (
				FA76EB39197936DE000BB36A /* Sources */,
				FA76EB3A197936DE000BB36A /* Frameworks */,
				FA76EB3B197936DE000BB36A /* Resources */,
			);
			buildRules = (
			);
			dependencies = (
			);
			name = TodoApp;
			productName = TodoApp;
			productReference = FA76EB3D197936DF000BB36A /* TodoApp.app */;
			productType = "com.apple.product-type.application";
		};
		FA76EB4E197936DF000BB36A /* TodoAppTests */ = {
			isa = PBXNativeTarget;
			buildConfigurationList = FA76EB5C197936DF000BB36A /* Build configuration list for PBXNativeTarget "TodoAppTests" */;
			buildPhases = (
				FA76EB4B197936DF000BB36A /* Sources */,
				FA76EB4C197936DF000BB36A /* Frameworks */,
				FA76EB4D197936DF000BB36A /* Resources */,
			);
			buildRules = (
			);
			dependencies = (
				FA76EB51197936DF000BB36A /* PBXTargetDependency */,
			);
			name = TodoAppTests;
			productName = TodoAppTests;
			productReference = FA76EB4F197936DF000BB36A /* TodoAppTests.xctest */;
			productType = "com.apple.product-type.bundle.unit-test";
		};
/* End PBXNativeTarget section */

/* Begin PBXProject section */
		FA76EB35197936DE000BB36A /* Project object */ = {
			isa = PBXProject;
			attributes = {
				LastUpgradeCheck = 0600;
				ORGANIZATIONNAME = IworxIT;
				TargetAttributes = {
					FA76EB3C197936DE000BB36A = {
						CreatedOnToolsVersion = 6.0;
					};
					FA76EB4E197936DF000BB36A = {
						CreatedOnToolsVersion = 6.0;
						TestTargetID = FA76EB3C197936DE000BB36A;
					};
				};
			};
			buildConfigurationList = FA76EB38197936DE000BB36A /* Build configuration list for PBXProject "TodoApp" */;
			compatibilityVersion = "Xcode 3.2";
			developmentRegion = English;
			hasScannedForEncodings = 0;
			knownRegions = (
				en,
				Base,
			);
			mainGroup = FA76EB34197936DE000BB36A;
			productRefGroup = FA76EB3E197936DF000BB36A /* Products */;
			projectDirPath = "";
			projectRoot = "";
			targets = (
				FA76EB3C197936DE000BB36A /* TodoApp */,
				FA76EB4E197936DF000BB36A /* TodoAppTests */,
			);
		};
/* End PBXProject section */

/* Begin PBXResourcesBuildPhase section */
		FA76EB3B197936DE000BB36A /* Resources */ = {
			isa = PBXResourcesBuildPhase;
			buildActionMask = 2147483647;
			files = (
				FA76EB48197936DF000BB36A /* Main.storyboard in Resources */,
				FA76EB4A197936DF000BB36A /* Images.xcassets in Resources */,
			);
			runOnlyForDeploymentPostprocessing = 0;
		};
		FA76EB4D197936DF000BB36A /* Resources */ = {
			isa = PBXResourcesBuildPhase;
			buildActionMask = 2147483647;
			files = (
			);
			runOnlyForDeploymentPostprocessing = 0;
		};
/* End PBXResourcesBuildPhase section */

/* Begin PBXSourcesBuildPhase section */
		FA76EB39197936DE000BB36A /* Sources */ = {
			isa = PBXSourcesBuildPhase;
			buildActionMask = 2147483647;
			files = (
				FA76EB45197936DF000BB36A /* ViewController.swift in Sources */,
				FA76EB6019793D94000BB36A /* MasterTableViewController.swift in Sources */,
				FA76EB6419793E52000BB36A /* DetailViewController.swift in Sources */,
				FA76EB6219793E16000BB36A /* AddViewController.swift in Sources */,
				FA76EB43197936DF000BB36A /* AppDelegate.swift in Sources */,
			);
			runOnlyForDeploymentPostprocessing = 0;
		};
		FA76EB4B197936DF000BB36A /* Sources */ = {
			isa = PBXSourcesBuildPhase;
			buildActionMask = 2147483647;
			files = (
				FA76EB56197936DF000BB36A /* TodoAppTests.swift in Sources */,
			);
			runOnlyForDeploymentPostprocessing = 0;
		};
/* End PBXSourcesBuildPhase section */

/* Begin PBXTargetDependency section */
		FA76EB51197936DF000BB36A /* PBXTargetDependency */ = {
			isa = PBXTargetDependency;
			target = FA76EB3C197936DE000BB36A /* TodoApp */;
			targetProxy = FA76EB50197936DF000BB36A /* PBXContainerItemProxy */;
		};
/* End PBXTargetDependency section */

/* Begin PBXVariantGroup section */
		FA76EB46197936DF000BB36A /* Main.storyboard */ = {
			isa = PBXVariantGroup;
			children = (
				FA76EB47197936DF000BB36A /* Base */,
			);
			name = Main.storyboard;
			sourceTree = "<group>";
		};
/* End PBXVariantGroup section */

/* Begin XCBuildConfiguration section */
		FA76EB57197936DF000BB36A /* Debug */ = {
			isa = XCBuildConfiguration;
			buildSettings = {
				ALWAYS_SEARCH_USER_PATHS = NO;
				CLANG_CXX_LANGUAGE_STANDARD = "gnu++0x";
				CLANG_CXX_LIBRARY = "libc++";
				CLANG_ENABLE_MODULES = YES;
				CLANG_ENABLE_OBJC_ARC = YES;
				CLANG_WARN_BOOL_CONVERSION = YES;
				CLANG_WARN_CONSTANT_CONVERSION = YES;
				CLANG_WARN_DIRECT_OBJC_ISA_USAGE = YES_ERROR;
				CLANG_WARN_EMPTY_BODY = YES;
				CLANG_WARN_ENUM_CONVERSION = YES;
				CLANG_WARN_INT_CONVERSION = YES;
				CLANG_WARN_OBJC_ROOT_CLASS = YES_ERROR;
				CLANG_WARN_UNREACHABLE_CODE = YES;
				CLANG_WARN__DUPLICATE_METHOD_MATCH = YES;
				"CODE_SIGN_IDENTITY[sdk=iphoneos*]" = "iPhone Developer";
				COPY_PHASE_STRIP = NO;
				ENABLE_STRICT_OBJC_MSGSEND = YES;
				GCC_C_LANGUAGE_STANDARD = gnu99;
				GCC_DYNAMIC_NO_PIC = NO;
				GCC_OPTIMIZATION_LEVEL = 0;
				GCC_PREPROCESSOR_DEFINITIONS = (
					"DEBUG=1",
					"$(inherited)",
				);
				GCC_SYMBOLS_PRIVATE_EXTERN = NO;
				GCC_WARN_64_TO_32_BIT_CONVERSION = YES;
				GCC_WARN_ABOUT_RETURN_TYPE = YES_ERROR;
				GCC_WARN_UNDECLARED_SELECTOR = YES;
				GCC_WARN_UNINITIALIZED_AUTOS = YES_AGGRESSIVE;
				GCC_WARN_UNUSED_FUNCTION = YES;
				GCC_WARN_UNUSED_VARIABLE = YES;
				IPHONEOS_DEPLOYMENT_TARGET = 8.0;
				MTL_ENABLE_DEBUG_INFO = YES;
				ONLY_ACTIVE_ARCH = YES;
				SDKROOT = iphoneos;
				SWIFT_OPTIMIZATION_LEVEL = "-Onone";
			};
			name = Debug;
		};
		FA76EB58197936DF000BB36A /* Release */ = {
			isa = XCBuildConfiguration;
			buildSettings = {
				ALWAYS_SEARCH_USER_PATHS = NO;
				CLANG_CXX_LANGUAGE_STANDARD = "gnu++0x";
				CLANG_CXX_LIBRARY = "libc++";
				CLANG_ENABLE_MODULES = YES;
				CLANG_ENABLE_OBJC_ARC = YES;
				CLANG_WARN_BOOL_CONVERSION = YES;
				CLANG_WARN_CONSTANT_CONVERSION = YES;
				CLANG_WARN_DIRECT_OBJC_ISA_USAGE = YES_ERROR;
				CLANG_WARN_EMPTY_BODY = YES;
				CLANG_WARN_ENUM_CONVERSION = YES;
				CLANG_WARN_INT_CONVERSION = YES;
				CLANG_WARN_OBJC_ROOT_CLASS = YES_ERROR;
				CLANG_WARN_UNREACHABLE_CODE = YES;
				CLANG_WARN__DUPLICATE_METHOD_MATCH = YES;
				"CODE_SIGN_IDENTITY[sdk=iphoneos*]" = "iPhone Developer";
				COPY_PHASE_STRIP = YES;
				ENABLE_NS_ASSERTIONS = NO;
				ENABLE_STRICT_OBJC_MSGSEND = YES;
				GCC_C_LANGUAGE_STANDARD = gnu99;
				GCC_WARN_64_TO_32_BIT_CONVERSION = YES;
				GCC_WARN_ABOUT_RETURN_TYPE = YES_ERROR;
				GCC_WARN_UNDECLARED_SELECTOR = YES;
				GCC_WARN_UNINITIALIZED_AUTOS = YES_AGGRESSIVE;
				GCC_WARN_UNUSED_FUNCTION = YES;
				GCC_WARN_UNUSED_VARIABLE = YES;
				IPHONEOS_DEPLOYMENT_TARGET = 8.0;
				MTL_ENABLE_DEBUG_INFO = NO;
				SDKROOT = iphoneos;
				VALIDATE_PRODUCT = YES;
			};
			name = Release;
		};
		FA76EB5A197936DF000BB36A /* Debug */ = {
			isa = XCBuildConfiguration;
			buildSettings = {
				ASSETCATALOG_COMPILER_APPICON_NAME = AppIcon;
				ASSETCATALOG_COMPILER_LAUNCHIMAGE_NAME = LaunchImage;
				INFOPLIST_FILE = TodoApp/Info.plist;
				IPHONEOS_DEPLOYMENT_TARGET = 7.1;
				LD_RUNPATH_SEARCH_PATHS = "$(inherited) @executable_path/Frameworks";
				PRODUCT_NAME = "$(TARGET_NAME)";
				TARGETED_DEVICE_FAMILY = 1;
			};
			name = Debug;
		};
		FA76EB5B197936DF000BB36A /* Release */ = {
			isa = XCBuildConfiguration;
			buildSettings = {
				ASSETCATALOG_COMPILER_APPICON_NAME = AppIcon;
				ASSETCATALOG_COMPILER_LAUNCHIMAGE_NAME = LaunchImage;
				INFOPLIST_FILE = TodoApp/Info.plist;
				IPHONEOS_DEPLOYMENT_TARGET = 7.1;
				LD_RUNPATH_SEARCH_PATHS = "$(inherited) @executable_path/Frameworks";
				PRODUCT_NAME = "$(TARGET_NAME)";
				TARGETED_DEVICE_FAMILY = 1;
			};
			name = Release;
		};
		FA76EB5D197936DF000BB36A /* Debug */ = {
			isa = XCBuildConfiguration;
			buildSettings = {
				BUNDLE_LOADER = "$(BUILT_PRODUCTS_DIR)/TodoApp.app/TodoApp";
				FRAMEWORK_SEARCH_PATHS = (
					"$(SDKROOT)/Developer/Library/Frameworks",
					"$(inherited)",
				);
				GCC_PREPROCESSOR_DEFINITIONS = (
					"DEBUG=1",
					"$(inherited)",
				);
				INFOPLIST_FILE = TodoAppTests/Info.plist;
				LD_RUNPATH_SEARCH_PATHS = "$(inherited) @executable_path/Frameworks @loader_path/Frameworks";
				PRODUCT_NAME = "$(TARGET_NAME)";
				TEST_HOST = "$(BUNDLE_LOADER)";
			};
			name = Debug;
		};
		FA76EB5E197936DF000BB36A /* Release */ = {
			isa = XCBuildConfiguration;
			buildSettings = {
				BUNDLE_LOADER = "$(BUILT_PRODUCTS_DIR)/TodoApp.app/TodoApp";
				FRAMEWORK_SEARCH_PATHS = (
					"$(SDKROOT)/Developer/Library/Frameworks",
					"$(inherited)",
				);
				INFOPLIST_FILE = TodoAppTests/Info.plist;
				LD_RUNPATH_SEARCH_PATHS = "$(inherited) @executable_path/Frameworks @loader_path/Frameworks";
				PRODUCT_NAME = "$(TARGET_NAME)";
				TEST_HOST = "$(BUNDLE_LOADER)";
			};
			name = Release;
		};
/* End XCBuildConfiguration section */

/* Begin XCConfigurationList section */
		FA76EB38197936DE000BB36A /* Build configuration list for PBXProject "TodoApp" */ = {
			isa = XCConfigurationList;
			buildConfigurations = (
				FA76EB57197936DF000BB36A /* Debug */,
				FA76EB58197936DF000BB36A /* Release */,
			);
			defaultConfigurationIsVisible = 0;
			defaultConfigurationName = Release;
		};
		FA76EB59197936DF000BB36A /* Build configuration list for PBXNativeTarget "TodoApp" */ = {
			isa = XCConfigurationList;
			buildConfigurations = (
				FA76EB5A197936DF000BB36A /* Debug */,
				FA76EB5B197936DF000BB36A /* Release */,
			);
			defaultConfigurationIsVisible = 0;
			defaultConfigurationName = Release;
		};
		FA76EB5C197936DF000BB36A /* Build configuration list for PBXNativeTarget "TodoAppTests" */ = {
			isa = XCConfigurationList;
			buildConfigurations = (
				FA76EB5D197936DF000BB36A /* Debug */,
				FA76EB5E197936DF000BB36A /* Release */,
			);
			defaultConfigurationIsVisible = 0;
			defaultConfigurationName = Release;
		};
/* End XCConfigurationList section */
	};
	rootObject = FA76EB35197936DE000BB36A /* Project object */;
}
